{
  "name": "mini-instagram",
  "lockfileVersion": 2,
  "requires": true,
  "packages": {
    "": {
      "dependencies": {
        "js-cookie": "^3.0.4"
      }
    },
    "node_modules/js-cookie": {
      "version": "3.0.4",
      "resolved": "https://registry.npmjs.org/js-cookie/-/js-cookie-3.0.4.tgz",
      "integrity": "sha512-tlu5VGqPFMP5eBefnmszCFZkPXG2n527NRN9XdNtN6FZ5n/0e98TdDm8BOz290OIIsxtXb9XTJjfqE6gVhOHQw==",
      "engines": {
        "node": ">=14",
        "npm": ">=9.5.0"
      }
    }
  },
  "dependencies": {
    "js-cookie": {
      "version": "3.0.4",
      "resolved": "https://registry.npmjs.org/js-cookie/-/js-cookie-3.0.4.tgz",
      "integrity": "sha512-tlu5VGqPFMP5eBefnmszCFZkPXG2n527NRN9XdNtN6FZ5n/0e98TdDm8BOz290OIIsxtXb9XTJjfqE6gVhOHQw=="
    }
  }
}
